{
  "name": "namecheap-axi",
  "version": "0.1.1",
  "lockfileVersion": 3,
  "requires": true,
  "packages": {
    "": {
      "name": "namecheap-axi",
      "version": "0.1.1",
      "license": "MIT",
      "dependencies": {
        "@toon-format/toon": "^0.9.0",
        "axi-sdk-js": "^0.1.11",
        "fast-xml-parser": "^4.5.0"
      },
      "bin": {
        "namecheap-axi": "bin/namecheap-axi.js"
      },
      "engines": {
        "node": ">=20"
      }
    },
    "node_modules/@toon-format/toon": {
      "version": "0.9.0",
      "resolved": "https://registry.npmjs.org/@toon-format/toon/-/toon-0.9.0.tgz",
      "integrity": "sha512-BaMhGh1+/z8ceDrF2xL9Drd42hijbUJlivm/1goPR26RgCYsqlMkHbg48hx9a5UjZC7oZqxWPJ6ju5qvALi6Ag==",
      "license": "MIT"
    },
    "node_modules/axi-sdk-js": {
      "version": "0.1.11",
      "resolved": "https://registry.npmjs.org/axi-sdk-js/-/axi-sdk-js-0.1.11.tgz",
      "integrity": "sha512-ksACrhe4GdsIK/TfPz8P0iA8NmiRFQ43zu3/HM7NGPv7s1+xKUsupufXntedR4YxM23S2zMPJyLvn/jS/wZyBg==",
      "license": "MIT",
      "dependencies": {
        "@toon-format/toon": "^2.1.0"
      },
      "engines": {
        "node": ">=20"
      }
    },
    "node_modules/axi-sdk-js/node_modules/@toon-format/toon": {
      "version": "2.3.1",
      "resolved": "https://registry.npmjs.org/@toon-format/toon/-/toon-2.3.1.tgz",
      "integrity": "sha512-sWqEMeAJGMda9qRrfPKrX3C4c33CO9SJuvJzzrcBEn5sbDB+k6pSLkDsfN0rVnLQwR97MV3sDgVbcxQNsq8xVw==",
      "license": "MIT"
    },
    "node_modules/fast-xml-parser": {
      "version": "4.5.7",
      "resolved": "https://registry.npmjs.org/fast-xml-parser/-/fast-xml-parser-4.5.7.tgz",
      "integrity": "sha512-a6Qh1RMCNbSrU1+sAyAAZH3rTe+OaWJbNZIq0S+ifZciUUOQtlVxBJwoTUE2bYhysmG/RYyI5WJFIKdBahJdrQ==",
      "funding": [
        {
          "type": "github",
          "url": "https://github.com/sponsors/NaturalIntelligence"
        }
      ],
      "license": "MIT",
      "dependencies": {
        "strnum": "^1.0.5"
      },
      "bin": {
        "fxparser": "src/cli/cli.js"
      }
    },
    "node_modules/strnum": {
      "version": "1.1.2",
      "resolved": "https://registry.npmjs.org/strnum/-/strnum-1.1.2.tgz",
      "integrity": "sha512-vrN+B7DBIoTTZjnPNewwhx6cBA/H+IS7rfW68n7XxC1y7uoiGQBxaKzqucGUgavX15dJgiGztLJ8vxuEzwqBdA==",
      "funding": [
        {
          "type": "github",
          "url": "https://github.com/sponsors/NaturalIntelligence"
        }
      ],
      "license": "MIT"
    }
  }
}
